{
    "name": "collection_script",
    "version": "1.0.0",
    "lockfileVersion": 1,
    "requires": true,
    "dependencies": {
        "@types/async": {
            "version": "3.2.5",
            "resolved": "https://registry.npm.taobao.org/@types/async/download/@types/async-3.2.5.tgz?cache=0&sync_timestamp=1613378093565&other_urls=https%3A%2F%2Fregistry.npm.taobao.org%2F%40types%2Fasync%2Fdownload%2F%40types%2Fasync-3.2.5.tgz",
            "integrity": "sha1-/ryjFmA5uJRusWKhSpHo3po3Prw=",
            "dev": true
        },
        "@types/node": {
            "version": "14.14.31",
            "resolved": "https://registry.npm.taobao.org/@types/node/download/@types/node-14.14.31.tgz?cache=0&sync_timestamp=1613758114120&other_urls=https%3A%2F%2Fregistry.npm.taobao.org%2F%40types%2Fnode%2Fdownload%2F%40types%2Fnode-14.14.31.tgz",
            "integrity": "sha1-cihr0z0TeqDRUtR+x8F2JWPTQFU=",
            "dev": true
        },
        "arg": {
            "version": "4.1.3",
            "resolved": "https://registry.npm.taobao.org/arg/download/arg-4.1.3.tgz?cache=0&sync_timestamp=1605575011090&other_urls=https%3A%2F%2Fregistry.npm.taobao.org%2Farg%2Fdownload%2Farg-4.1.3.tgz",
            "integrity": "sha1-Jp/HrVuOQstjyJbVZmAXJhwUQIk=",
            "dev": true
        },
        "async": {
            "version": "3.2.0",
            "resolved": "https://registry.npm.taobao.org/async/download/async-3.2.0.tgz",
            "integrity": "sha1-s6JoXF67ZB094C0WEALGD8n4VyA="
        },
        "axios": {
            "version": "0.21.1",
            "resolved": "https://registry.npm.taobao.org/axios/download/axios-0.21.1.tgz",
            "integrity": "sha1-IlY0gZYvTWvemnbVFu8OXTwJsrg=",
            "requires": {
                "follow-redirects": "^1.10.0"
            }
        },
        "buffer-from": {
            "version": "1.1.1",
            "resolved": "https://registry.npm.taobao.org/buffer-from/download/buffer-from-1.1.1.tgz",
            "integrity": "sha1-MnE7wCj3XAL9txDXx7zsHyxgcO8=",
            "dev": true
        },
        "create-require": {
            "version": "1.1.1",
            "resolved": "https://registry.npm.taobao.org/create-require/download/create-require-1.1.1.tgz",
            "integrity": "sha1-wdfo8eX2z8n/ZfnNNS03NIdWwzM=",
            "dev": true
        },
        "csv": {
            "version": "5.3.2",
            "resolved": "https://registry.npm.taobao.org/csv/download/csv-5.3.2.tgz",
            "integrity": "sha1-ULNE4l37uMYmhKG87BjCJGiyFh4=",
            "requires": {
                "csv-generate": "^3.2.4",
                "csv-parse": "^4.8.8",
                "csv-stringify": "^5.3.6",
                "stream-transform": "^2.0.1"
            }
        },
        "csv-generate": {
            "version": "3.3.0",
            "resolved": "https://registry.npm.taobao.org/csv-generate/download/csv-generate-3.3.0.tgz",
            "integrity": "sha1-DiVljxu5gG2U/seycIlqNcfu3xo="
        },
        "csv-parse": {
            "version": "4.15.1",
            "resolved": "https://registry.npm.taobao.org/csv-parse/download/csv-parse-4.15.1.tgz",
            "integrity": "sha1-/FoKGyTqptTCSJLao4fEb3+S+NI="
        },
        "csv-stringify": {
            "version": "5.6.1",
            "resolved": "https://registry.npm.taobao.org/csv-stringify/download/csv-stringify-5.6.1.tgz",
            "integrity": "sha1-15C8og8g7VqIh6Pc46xFjWEc0uA="
        },
        "diff": {
            "version": "4.0.2",
            "resolved": "https://registry.npm.taobao.org/diff/download/diff-4.0.2.tgz?cache=0&other_urls=https%3A%2F%2Fregistry.npm.taobao.org%2Fdiff%2Fdownload%2Fdiff-4.0.2.tgz",
            "integrity": "sha1-YPOuy4nV+uUgwRqhnvwruYKq3n0=",
            "dev": true
        },
        "follow-redirects": {
            "version": "1.13.2",
            "resolved": "https://registry.npm.taobao.org/follow-redirects/download/follow-redirects-1.13.2.tgz?cache=0&other_urls=https%3A%2F%2Fregistry.npm.taobao.org%2Ffollow-redirects%2Fdownload%2Ffollow-redirects-1.13.2.tgz",
            "integrity": "sha1-3XPI7/wScoulz0JZ12DqX7g+MUc="
        },
        "make-error": {
            "version": "1.3.6",
            "resolved": "https://registry.npm.taobao.org/make-error/download/make-error-1.3.6.tgz",
            "integrity": "sha1-LrLjfqm2fEiR9oShOUeZr0hM96I=",
            "dev": true
        },
        "mixme": {
            "version": "0.4.0",
            "resolved": "https://registry.npm.taobao.org/mixme/download/mixme-0.4.0.tgz",
            "integrity": "sha1-oa7ifw1jzJBeHMbdyYq/lNQUQ14="
        },
        "source-map": {
            "version": "0.6.1",
            "resolved": "https://registry.npm.taobao.org/source-map/download/source-map-0.6.1.tgz",
            "integrity": "sha1-dHIq8y6WFOnCh6jQu95IteLxomM=",
            "dev": true
        },
        "source-map-support": {
            "version": "0.5.19",
            "resolved": "https://registry.npm.taobao.org/source-map-support/download/source-map-support-0.5.19.tgz",
            "integrity": "sha1-qYti+G3K9PZzmWSMCFKRq56P7WE=",
            "dev": true,
            "requires": {
                "buffer-from": "^1.0.0",
                "source-map": "^0.6.0"
            }
        },
        "stream-transform": {
            "version": "2.0.4",
            "resolved": "https://registry.npm.taobao.org/stream-transform/download/stream-transform-2.0.4.tgz",
            "integrity": "sha1-kR/3VW0eJcI36V14P2c52eC0phw=",
            "requires": {
                "mixme": "^0.4.0"
            }
        },
        "ts-node": {
            "version": "9.1.1",
            "resolved": "https://registry.npm.taobao.org/ts-node/download/ts-node-9.1.1.tgz",
            "integrity": "sha1-UamkUKPpWUAb2l8ASnLVS5NtN20=",
            "dev": true,
            "requires": {
                "arg": "^4.1.0",
                "create-require": "^1.1.0",
                "diff": "^4.0.1",
                "make-error": "^1.1.1",
                "source-map-support": "^0.5.17",
                "yn": "3.1.1"
            }
        },
        "typescript": {
            "version": "4.1.5",
            "resolved": "https://registry.npm.taobao.org/typescript/download/typescript-4.1.5.tgz?cache=0&sync_timestamp=1613719216134&other_urls=https%3A%2F%2Fregistry.npm.taobao.org%2Ftypescript%2Fdownload%2Ftypescript-4.1.5.tgz",
            "integrity": "sha1-Ejo7IUqv874ykm8Njx9ucE64mnI=",
            "dev": true
        },
        "yn": {
            "version": "3.1.1",
            "resolved": "https://registry.npm.taobao.org/yn/download/yn-3.1.1.tgz",
            "integrity": "sha1-HodAGgnXZ8HV6rJqbkwYUYLS61A=",
            "dev": true
        }
    }
}
